
Microsoft Visual Studio Solution File, Format Version 12.00
# Visual Studio Version 16
VisualStudioVersion = 16.0.29123.88
MinimumVisualStudioVersion = 10.0.40219.1
Project("{9A19103F-16F7-4668-BE54-9A1E7A4F7556}") = "SampleApp.Api", "SampleApp.Api\SampleApp.Api.csproj", "{05A25047-FAC1-4101-A3A2-79ADCF1CB9D1}"
EndProject
Global
	GlobalSection(SolutionConfigurationPlatforms) = preSolution
		Debug|Any CPU = Debug|Any CPU
		Release|Any CPU = Release|Any CPU
	EndGlobalSection
	GlobalSection(ProjectConfigurationPlatforms) = postSolution
		{05A25047-FAC1-4101-A3A2-79ADCF1CB9D1}.Debug|Any CPU.ActiveCfg = Debug|Any CPU
		{05A25047-FAC1-4101-A3A2-79ADCF1CB9D1}.Debug|Any CPU.Build.0 = Debug|Any CPU
		{05A25047-FAC1-4101-A3A2-79ADCF1CB9D1}.Release|Any CPU.ActiveCfg = Release|Any CPU
		{05A25047-FAC1-4101-A3A2-79ADCF1CB9D1}.Release|Any CPU.Build.0 = Release|Any CPU
	EndGlobalSection
	GlobalSection(SolutionProperties) = preSolution
		HideSolutionNode = FALSE
	EndGlobalSection
	GlobalSection(ExtensibilityGlobals) = postSolution
		SolutionGuid = {C3E4F546-6A44-4EF9-A435-AE4D1000B721}
	EndGlobalSection
EndGlobal
